
Microsoft Visual Studio Solution File, Format Version 12.00
# Visual Studio Version 16
VisualStudioVersion = 16.0.31025.194
MinimumVisualStudioVersion = 10.0.40219.1
Project("{FAE04EC0-301F-11D3-BF4B-00C04F79EFBC}") = "SharpBoard", "SharpBoard\SharpBoard.csproj", "{CBF0D029-482E-4BC3-8E9B-9482F20B8583}"
EndProject
Global
	GlobalSection(SolutionConfigurationPlatforms) = preSolution
		Debug|Any CPU = Debug|Any CPU
		Release|Any CPU = Release|Any CPU
	EndGlobalSection
	GlobalSection(ProjectConfigurationPlatforms) = postSolution
		{CBF0D029-482E-4BC3-8E9B-9482F20B8583}.Debug|Any CPU.ActiveCfg = Debug|Any CPU
		{CBF0D029-482E-4BC3-8E9B-9482F20B8583}.Debug|Any CPU.Build.0 = Debug|Any CPU
		{CBF0D029-482E-4BC3-8E9B-9482F20B8583}.Release|Any CPU.ActiveCfg = Release|Any CPU
		{CBF0D029-482E-4BC3-8E9B-9482F20B8583}.Release|Any CPU.Build.0 = Release|Any CPU
	EndGlobalSection
	GlobalSection(SolutionProperties) = preSolution
		HideSolutionNode = FALSE
	EndGlobalSection
	GlobalSection(ExtensibilityGlobals) = postSolution
		SolutionGuid = {0995C0CE-2D9E-4CC9-85EE-87E94852A424}
	EndGlobalSection
EndGlobal
